devDependencies:
  '@eslint/js':
    specifier: ^10.0.1
    version: 10.0.1(eslint@8.57.1)
  '@shadcn/ui':
    specifier: ^0.0.4
    version: 0.0.4
  '@tailwindcss/postcss':
    specifier: ^4
    version: 4.2.2
  '@types/node':
    specifier: ^20
    version: 20.19.37
  '@types/react':
    specifier: ^19
    version: 19.2.14
  '@types/react-dom':
    specifier: ^19
    version: 19.2.3(@types/react@19.2.14)
  eslint:
    specifier: ^8.57.1
    version: 8.57.1
  eslint-config-next:
    specifier: ^15.5.9
    version: 15.5.14(eslint@8.57.1)(typescript@5.9.3)
  eslint-plugin-prettier:
    specifier: ^5.5.5
    version: 5.5.5(eslint@8.57.1)(prettier@3.8.1)
  shadcn:
    specifier: ^3.8.5
    version: 3.8.5(@types/node@20.19.37)(typescript@5.9.3)
  tailwindcss:
    specifier: ^4
    version: 4.2.2
  tw-animate-css:
    specifier: ^1.4.0
    version: 1.4.0
  typescript:
    specifier: ^5
    version: 5.9.3
  typescript-eslint:
    specifier: ^8.57.2
    version: 8.57.2(eslint@8.57.1)(typescript@5.9.3)